
Microsoft Visual Studio Solution File, Format Version 12.00
# Visual Studio 2012
Project("{8BC9CEB8-8B4A-11D0-8D11-00A0C91BC942}") = "OSiSP_1_Editor", "OSiSP_1_Editor\OSiSP_1_Editor.vcxproj", "{052F6EAD-4A8D-4242-845C-84702B60909D}"
EndProject
Global
	GlobalSection(SolutionConfigurationPlatforms) = preSolution
		Debug|Win32 = Debug|Win32
		Release|Win32 = Release|Win32
	EndGlobalSection
	GlobalSection(ProjectConfigurationPlatforms) = postSolution
		{052F6EAD-4A8D-4242-845C-84702B60909D}.Debug|Win32.ActiveCfg = Debug|Win32
		{052F6EAD-4A8D-4242-845C-84702B60909D}.Debug|Win32.Build.0 = Debug|Win32
		{052F6EAD-4A8D-4242-845C-84702B60909D}.Release|Win32.ActiveCfg = Release|Win32
		{052F6EAD-4A8D-4242-845C-84702B60909D}.Release|Win32.Build.0 = Release|Win32
	EndGlobalSection
	GlobalSection(SolutionProperties) = preSolution
		HideSolutionNode = FALSE
	EndGlobalSection
EndGlobal
